// !$*UTF8*$!
{
	archiveVersion = 1;
	classes = {
	};
	objectVersion = 48;
	objects = {

/* Begin PBXBuildFile section */
		B780E84620257D9200836FAE /* AppDelegate.m in Sources */ = {isa = PBXBuildFile; fileRef = B780E84520257D9200836FAE /* AppDelegate.m */; };
		B780E84920257D9200836FAE /* ViewController.m in Sources */ = {isa = PBXBuildFile; fileRef = B780E84820257D9200836FAE /* ViewController.m */; };
		B780E84C20257D9200836FAE /* Main.storyboard in Resources */ = {isa = PBXBuildFile; fileRef = B780E84A20257D9200836FAE /* Main.storyboard */; };
		B780E84E20257D9200836FAE /* Assets.xcassets in Resources */ = {isa = PBXBuildFile; fileRef = B780E84D20257D9200836FAE /* Assets.xcassets */; };
		B780E85120257D9200836FAE /* LaunchScreen.storyboard in Resources */ = {isa = PBXBuildFile; fileRef = B780E84F20257D9200836FAE /* LaunchScreen.storyboard */; };
		B780E85420257D9200836FAE /* main.m in Sources */ = {isa = PBXBuildFile; fileRef = B780E85320257D9200836FAE /* main.m */; };
		B780E85C20257EA500836FAE /* ChildViewController.m in Sources */ = {isa = PBXBuildFile; fileRef = B780E85B20257EA500836FAE /* ChildViewController.m */; };
/* End PBXBuildFile section */

/* Begin PBXFileReference section */
		B780E84120257D9200836FAE /* MultiController.app */ = {isa = PBXFileReference; explicitFileType = wrapper.application; includeInIndex = 0; path = MultiController.app; sourceTree = BUILT_PRODUCTS_DIR; };
		B780E84420257D9200836FAE /* AppDelegate.h */ = {isa = PBXFileReference; lastKnownFileType = sourcecode.c.h; path = AppDelegate.h; sourceTree = "<group>"; };
		B780E84520257D9200836FAE /* AppDelegate.m */ = {isa = PBXFileReference; lastKnownFileType = sourcecode.c.objc; path = AppDelegate.m; sourceTree = "<group>"; };
		B780E84720257D9200836FAE /* ViewController.h */ = {isa = PBXFileReference; lastKnownFileType = sourcecode.c.h; path = ViewController.h; sourceTree = "<group>"; };
		B780E84820257D9200836FAE /* ViewController.m */ = {isa = PBXFileReference; lastKnownFileType = sourcecode.c.objc; path = ViewController.m; sourceTree = "<group>"; };
		B780E84B20257D9200836FAE /* Base */ = {isa = PBXFileReference; lastKnownFileType = file.storyboard; name = Base; path = Base.lproj/Main.storyboard; sourceTree = "<group>"; };
		B780E84D20257D9200836FAE /* Assets.xcassets */ = {isa = PBXFileReference; lastKnownFileType = folder.assetcatalog; path = Assets.xcassets; sourceTree = "<group>"; };
		B780E85020257D9200836FAE /* Base */ = {isa = PBXFileReference; lastKnownFileType = file.storyboard; name = Base; path = Base.lproj/LaunchScreen.storyboard; sourceTree = "<group>"; };
		B780E85220257D9200836FAE /* Info.plist */ = {isa = PBXFileReference; lastKnownFileType = text.plist.xml; path = Info.plist; sourceTree = "<group>"; };
		B780E85320257D9200836FAE /* main.m */ = {isa = PBXFileReference; lastKnownFileType = sourcecode.c.objc; path = main.m; sourceTree = "<group>"; };
		B780E85A20257EA500836FAE /* ChildViewController.h */ = {isa = PBXFileReference; lastKnownFileType = sourcecode.c.h; path = ChildViewController.h; sourceTree = "<group>"; };
		B780E85B20257EA500836FAE /* ChildViewController.m */ = {isa = PBXFileReference; lastKnownFileType = sourcecode.c.objc; path = ChildViewController.m; sourceTree = "<group>"; };
/* End PBXFileReference section */

/* Begin PBXFrameworksBuildPhase section */
		B780E83E20257D9200836FAE /* Frameworks */ = {
			isa = PBXFrameworksBuildPhase;
			buildActionMask = 2147483647;
			files = (
			);
			runOnlyForDeploymentPostprocessing = 0;
		};
/* End PBXFrameworksBuildPhase section */

/* Begin PBXGroup section */
		B780E83820257D9200836FAE = {
			isa = PBXGroup;
			children = (
				B780E84320257D9200836FAE /* MultiController */,
				B780E84220257D9200836FAE /* Products */,
			);
			sourceTree = "<group>";
		};
		B780E84220257D9200836FAE /* Products */ = {
			isa = PBXGroup;
			children = (
				B780E84120257D9200836FAE /* MultiController.app */,
			);
			name = Products;
			sourceTree = "<group>";
		};
		B780E84320257D9200836FAE /* MultiController */ = {
			isa = PBXGroup;
			children = (
				B780E85D202589E900836FAE /* MultiController */,
				B780E84420257D9200836FAE /* AppDelegate.h */,
				B780E84520257D9200836FAE /* AppDelegate.m */,
				B780E84A20257D9200836FAE /* Main.storyboard */,
				B780E84D20257D9200836FAE /* Assets.xcassets */,
				B780E84F20257D9200836FAE /* LaunchScreen.storyboard */,
				B780E85220257D9200836FAE /* Info.plist */,
				B780E85320257D9200836FAE /* main.m */,
			);
			path = MultiController;
			sourceTree = "<group>";
		};
		B780E85D202589E900836FAE /* MultiController */ = {
			isa = PBXGroup;
			children = (
				B780E84720257D9200836FAE /* ViewController.h */,
				B780E84820257D9200836FAE /* ViewController.m */,
				B780E85A20257EA500836FAE /* ChildViewController.h */,
				B780E85B20257EA500836FAE /* ChildViewController.m */,
			);
			path = MultiController;
			sourceTree = "<group>";
		};
/* End PBXGroup section */

/* Begin PBXNativeTarget section */
		B780E84020257D9200836FAE /* MultiController */ = {
			isa = PBXNativeTarget;
			buildConfigurationList = B780E85720257D9200836FAE /* Build configuration list for PBXNativeTarget "MultiController" */;
			buildPhases = (
				B780E83D20257D9200836FAE /* Sources */,
				B780E83E20257D9200836FAE /* Frameworks */,
				B780E83F20257D9200836FAE /* Resources */,
			);
			buildRules = (
			);
			dependencies = (
			);
			name = MultiController;
			productName = MultiController;
			productReference = B780E84120257D9200836FAE /* MultiController.app */;
			productType = "com.apple.product-type.application";
		};
/* End PBXNativeTarget section */

/* Begin PBXProject section */
		B780E83920257D9200836FAE /* Project object */ = {
			isa = PBXProject;
			attributes = {
				LastUpgradeCheck = 0920;
				ORGANIZATIONNAME = lhx;
				TargetAttributes = {
					B780E84020257D9200836FAE = {
						CreatedOnToolsVersion = 9.2;
						ProvisioningStyle = Automatic;
					};
				};
			};
			buildConfigurationList = B780E83C20257D9200836FAE /* Build configuration list for PBXProject "MultiController" */;
			compatibilityVersion = "Xcode 8.0";
			developmentRegion = en;
			hasScannedForEncodings = 0;
			knownRegions = (
				en,
				Base,
			);
			mainGroup = B780E83820257D9200836FAE;
			productRefGroup = B780E84220257D9200836FAE /* Products */;
			projectDirPath = "";
			projectRoot = "";
			targets = (
				B780E84020257D9200836FAE /* MultiController */,
			);
		};
/* End PBXProject section */

/* Begin PBXResourcesBuildPhase section */
		B780E83F20257D9200836FAE /* Resources */ = {
			isa = PBXResourcesBuildPhase;
			buildActionMask = 2147483647;
			files = (
				B780E85120257D9200836FAE /* LaunchScreen.storyboard in Resources */,
				B780E84E20257D9200836FAE /* Assets.xcassets in Resources */,
				B780E84C20257D9200836FAE /* Main.storyboard in Resources */,
			);
			runOnlyForDeploymentPostprocessing = 0;
		};
/* End PBXResourcesBuildPhase section */

/* Begin PBXSourcesBuildPhase section */
		B780E83D20257D9200836FAE /* Sources */ = {
			isa = PBXSourcesBuildPhase;
			buildActionMask = 2147483647;
			files = (
				B780E84920257D9200836FAE /* ViewController.m in Sources */,
				B780E85420257D9200836FAE /* main.m in Sources */,
				B780E84620257D9200836FAE /* AppDelegate.m in Sources */,
				B780E85C20257EA500836FAE /* ChildViewController.m in Sources */,
			);
			runOnlyForDeploymentPostprocessing = 0;
		};
/* End PBXSourcesBuildPhase section */

/* Begin PBXVariantGroup section */
		B780E84A20257D9200836FAE /* Main.storyboard */ = {
			isa = PBXVariantGroup;
			children = (
				B780E84B20257D9200836FAE /* Base */,
			);
			name = Main.storyboard;
			sourceTree = "<group>";
		};
		B780E84F20257D9200836FAE /* LaunchScreen.storyboard */ = {
			isa = PBXVariantGroup;
			children = (
				B780E85020257D9200836FAE /* Base */,
			);
			name = LaunchScreen.storyboard;
			sourceTree = "<group>";
		};
/* End PBXVariantGroup section */

/* Begin XCBuildConfiguration section */
		B780E85520257D9200836FAE /* Debug */ = {
			isa = XCBuildConfiguration;
			buildSettings = {
				ALWAYS_SEARCH_USER_PATHS = NO;
				CLANG_ANALYZER_NONNULL = YES;
				CLANG_ANALYZER_NUMBER_OBJECT_CONVERSION = YES_AGGRESSIVE;
				CLANG_CXX_LANGUAGE_STANDARD = "gnu++14";
				CLANG_CXX_LIBRARY = "libc++";
				CLANG_ENABLE_MODULES = YES;
				CLANG_ENABLE_OBJC_ARC = YES;
				CLANG_WARN_BLOCK_CAPTURE_AUTORELEASING = YES;
				CLANG_WARN_BOOL_CONVERSION = YES;
				CLANG_WARN_COMMA = YES;
				CLANG_WARN_CONSTANT_CONVERSION = YES;
				CLANG_WARN_DIRECT_OBJC_ISA_USAGE = YES_ERROR;
				CLANG_WARN_DOCUMENTATION_COMMENTS = YES;
				CLANG_WARN_EMPTY_BODY = YES;
				CLANG_WARN_ENUM_CONVERSION = YES;
				CLANG_WARN_INFINITE_RECURSION = YES;
				CLANG_WARN_INT_CONVERSION = YES;
				CLANG_WARN_NON_LITERAL_NULL_CONVERSION = YES;
				CLANG_WARN_OBJC_LITERAL_CONVERSION = YES;
				CLANG_WARN_OBJC_ROOT_CLASS = YES_ERROR;
				CLANG_WARN_RANGE_LOOP_ANALYSIS = YES;
				CLANG_WARN_STRICT_PROTOTYPES = YES;
				CLANG_WARN_SUSPICIOUS_MOVE = YES;
				CLANG_WARN_UNGUARDED_AVAILABILITY = YES_AGGRESSIVE;
				CLANG_WARN_UNREACHABLE_CODE = YES;
				CLANG_WARN__DUPLICATE_METHOD_MATCH = YES;
				CODE_SIGN_IDENTITY = "iPhone Developer";
				COPY_PHASE_STRIP = NO;
				DEBUG_INFORMATION_FORMAT = dwarf;
				ENABLE_STRICT_OBJC_MSGSEND = YES;
				ENABLE_TESTABILITY = YES;
				GCC_C_LANGUAGE_STANDARD = gnu11;
				GCC_DYNAMIC_NO_PIC = NO;
				GCC_NO_COMMON_BLOCKS = YES;
				GCC_OPTIMIZATION_LEVEL = 0;
				GCC_PREPROCESSOR_DEFINITIONS = (
					"DEBUG=1",
					"$(inherited)",
				);
				GCC_WARN_64_TO_32_BIT_CONVERSION = YES;
				GCC_WARN_ABOUT_RETURN_TYPE = YES_ERROR;
				GCC_WARN_UNDECLARED_SELECTOR = YES;
				GCC_WARN_UNINITIALIZED_AUTOS = YES_AGGRESSIVE;
				GCC_WARN_UNUSED_FUNCTION = YES;
				GCC_WARN_UNUSED_VARIABLE = YES;
				IPHONEOS_DEPLOYMENT_TARGET = 11.2;
				MTL_ENABLE_DEBUG_INFO = YES;
				ONLY_ACTIVE_ARCH = YES;
				SDKROOT = iphoneos;
			};
			name = Debug;
		};
		B780E85620257D9200836FAE /* Release */ = {
			isa = XCBuildConfiguration;
			buildSettings = {
				ALWAYS_SEARCH_USER_PATHS = NO;
				CLANG_ANALYZER_NONNULL = YES;
				CLANG_ANALYZER_NUMBER_OBJECT_CONVERSION = YES_AGGRESSIVE;
				CLANG_CXX_LANGUAGE_STANDARD = "gnu++14";
				CLANG_CXX_LIBRARY = "libc++";
				CLANG_ENABLE_MODULES = YES;
				CLANG_ENABLE_OBJC_ARC = YES;
				CLANG_WARN_BLOCK_CAPTURE_AUTORELEASING = YES;
				CLANG_WARN_BOOL_CONVERSION = YES;
				CLANG_WARN_COMMA = YES;
				CLANG_WARN_CONSTANT_CONVERSION = YES;
				CLANG_WARN_DIRECT_OBJC_ISA_USAGE = YES_ERROR;
				CLANG_WARN_DOCUMENTATION_COMMENTS = YES;
				CLANG_WARN_EMPTY_BODY = YES;
				CLANG_WARN_ENUM_CONVERSION = YES;
				CLANG_WARN_INFINITE_RECURSION = YES;
				CLANG_WARN_INT_CONVERSION = YES;
				CLANG_WARN_NON_LITERAL_NULL_CONVERSION = YES;
				CLANG_WARN_OBJC_LITERAL_CONVERSION = YES;
				CLANG_WARN_OBJC_ROOT_CLASS = YES_ERROR;
				CLANG_WARN_RANGE_LOOP_ANALYSIS = YES;
				CLANG_WARN_STRICT_PROTOTYPES = YES;
				CLANG_WARN_SUSPICIOUS_MOVE = YES;
				CLANG_WARN_UNGUARDED_AVAILABILITY = YES_AGGRESSIVE;
				CLANG_WARN_UNREACHABLE_CODE = YES;
				CLANG_WARN__DUPLICATE_METHOD_MATCH = YES;
				CODE_SIGN_IDENTITY = "iPhone Developer";
				COPY_PHASE_STRIP = NO;
				DEBUG_INFORMATION_FORMAT = "dwarf-with-dsym";
				ENABLE_NS_ASSERTIONS = NO;
				ENABLE_STRICT_OBJC_MSGSEND = YES;
				GCC_C_LANGUAGE_STANDARD = gnu11;
				GCC_NO_COMMON_BLOCKS = YES;
				GCC_WARN_64_TO_32_BIT_CONVERSION = YES;
				GCC_WARN_ABOUT_RETURN_TYPE = YES_ERROR;
				GCC_WARN_UNDECLARED_SELECTOR = YES;
				GCC_WARN_UNINITIALIZED_AUTOS = YES_AGGRESSIVE;
				GCC_WARN_UNUSED_FUNCTION = YES;
				GCC_WARN_UNUSED_VARIABLE = YES;
				IPHONEOS_DEPLOYMENT_TARGET = 11.2;
				MTL_ENABLE_DEBUG_INFO = NO;
				SDKROOT = iphoneos;
				VALIDATE_PRODUCT = YES;
			};
			name = Release;
		};
		B780E85820257D9200836FAE /* Debug */ = {
			isa = XCBuildConfiguration;
			buildSettings = {
				ASSETCATALOG_COMPILER_APPICON_NAME = AppIcon;
				CODE_SIGN_STYLE = Automatic;
				DEVELOPMENT_TEAM = TX3D7AAF87;
				INFOPLIST_FILE = MultiController/Info.plist;
				IPHONEOS_DEPLOYMENT_TARGET = 10.1;
				LD_RUNPATH_SEARCH_PATHS = "$(inherited) @executable_path/Frameworks";
				PRODUCT_BUNDLE_IDENTIFIER = com.lhx.MultiController;
				PRODUCT_NAME = "$(TARGET_NAME)";
				TARGETED_DEVICE_FAMILY = "1,2";
			};
			name = Debug;
		};
		B780E85920257D9200836FAE /* Release */ = {
			isa = XCBuildConfiguration;
			buildSettings = {
				ASSETCATALOG_COMPILER_APPICON_NAME = AppIcon;
				CODE_SIGN_STYLE = Automatic;
				DEVELOPMENT_TEAM = TX3D7AAF87;
				INFOPLIST_FILE = MultiController/Info.plist;
				IPHONEOS_DEPLOYMENT_TARGET = 10.1;
				LD_RUNPATH_SEARCH_PATHS = "$(inherited) @executable_path/Frameworks";
				PRODUCT_BUNDLE_IDENTIFIER = com.lhx.MultiController;
				PRODUCT_NAME = "$(TARGET_NAME)";
				TARGETED_DEVICE_FAMILY = "1,2";
			};
			name = Release;
		};
/* End XCBuildConfiguration section */

/* Begin XCConfigurationList section */
		B780E83C20257D9200836FAE /* Build configuration list for PBXProject "MultiController" */ = {
			isa = XCConfigurationList;
			buildConfigurations = (
				B780E85520257D9200836FAE /* Debug */,
				B780E85620257D9200836FAE /* Release */,
			);
			defaultConfigurationIsVisible = 0;
			defaultConfigurationName = Release;
		};
		B780E85720257D9200836FAE /* Build configuration list for PBXNativeTarget "MultiController" */ = {
			isa = XCConfigurationList;
			buildConfigurations = (
				B780E85820257D9200836FAE /* Debug */,
				B780E85920257D9200836FAE /* Release */,
			);
			defaultConfigurationIsVisible = 0;
			defaultConfigurationName = Release;
		};
/* End XCConfigurationList section */
	};
	rootObject = B780E83920257D9200836FAE /* Project object */;
}
